
Microsoft Visual Studio Solution File, Format Version 12.00
# Visual Studio 15
VisualStudioVersion = 15.0.28010.2041
MinimumVisualStudioVersion = 10.0.40219.1
Project("{FAE04EC0-301F-11D3-BF4B-00C04F79EFBC}") = "IPsave", "IPsave\IPsave.csproj", "{847E09A5-E1F6-4DB8-8A39-53EBA2574006}"
EndProject
Global
	GlobalSection(SolutionConfigurationPlatforms) = preSolution
		Debug|Any CPU = Debug|Any CPU
		Release|Any CPU = Release|Any CPU
	EndGlobalSection
	GlobalSection(ProjectConfigurationPlatforms) = postSolution
		{847E09A5-E1F6-4DB8-8A39-53EBA2574006}.Debug|Any CPU.ActiveCfg = Debug|Any CPU
		{847E09A5-E1F6-4DB8-8A39-53EBA2574006}.Debug|Any CPU.Build.0 = Debug|Any CPU
		{847E09A5-E1F6-4DB8-8A39-53EBA2574006}.Release|Any CPU.ActiveCfg = Release|Any CPU
		{847E09A5-E1F6-4DB8-8A39-53EBA2574006}.Release|Any CPU.Build.0 = Release|Any CPU
	EndGlobalSection
	GlobalSection(SolutionProperties) = preSolution
		HideSolutionNode = FALSE
	EndGlobalSection
	GlobalSection(ExtensibilityGlobals) = postSolution
		SolutionGuid = {76197BD5-D3B6-4DE7-8F78-D9D35082B8A2}
	EndGlobalSection
EndGlobal
